// !$*UTF8*$!
{
	archiveVersion = 1;
	classes = {
	};
	objectVersion = 51;
	objects = {

/* Begin PBXBuildFile section */
		041A007A25415B8600F6AC8B /* AppDelegate.swift in Sources */ = {isa = PBXBuildFile; fileRef = 041A007925415B8600F6AC8B /* AppDelegate.swift */; };
		041A007C25415B8600F6AC8B /* SceneDelegate.swift in Sources */ = {isa = PBXBuildFile; fileRef = 041A007B25415B8600F6AC8B /* SceneDelegate.swift */; };
		041A007E25415B8600F6AC8B /* HomeViewController.swift in Sources */ = {isa = PBXBuildFile; fileRef = 041A007D25415B8600F6AC8B /* HomeViewController.swift */; };
		041A008125415B8600F6AC8B /* Main.storyboard in Resources */ = {isa = PBXBuildFile; fileRef = 041A007F25415B8600F6AC8B /* Main.storyboard */; };
		041A008325415B8700F6AC8B /* Assets.xcassets in Resources */ = {isa = PBXBuildFile; fileRef = 041A008225415B8700F6AC8B /* Assets.xcassets */; };
		041A008625415B8700F6AC8B /* LaunchScreen.storyboard in Resources */ = {isa = PBXBuildFile; fileRef = 041A008425415B8700F6AC8B /* LaunchScreen.storyboard */; };
		041A009625415C3B00F6AC8B /* ExploreViewController.swift in Sources */ = {isa = PBXBuildFile; fileRef = 041A009525415C3B00F6AC8B /* ExploreViewController.swift */; };
		041A009925415C4600F6AC8B /* CameraViewController.swift in Sources */ = {isa = PBXBuildFile; fileRef = 041A009825415C4600F6AC8B /* CameraViewController.swift */; };
		041A009C25415C5B00F6AC8B /* NotificationViewController.swift in Sources */ = {isa = PBXBuildFile; fileRef = 041A009B25415C5B00F6AC8B /* NotificationViewController.swift */; };
		041A009F25415C6300F6AC8B /* ProfileViewController.swift in Sources */ = {isa = PBXBuildFile; fileRef = 041A009E25415C6300F6AC8B /* ProfileViewController.swift */; };
		041A00A525415CB400F6AC8B /* LoginViewController.swift in Sources */ = {isa = PBXBuildFile; fileRef = 041A00A425415CB400F6AC8B /* LoginViewController.swift */; };
		041A00A825415CBD00F6AC8B /* RegisterViewController.swift in Sources */ = {isa = PBXBuildFile; fileRef = 041A00A725415CBD00F6AC8B /* RegisterViewController.swift */; };
		041A00AC25415CEF00F6AC8B /* PostViewController.swift in Sources */ = {isa = PBXBuildFile; fileRef = 041A00AB25415CEF00F6AC8B /* PostViewController.swift */; };
		041A00B025415CF800F6AC8B /* EditProfileViewController.swift in Sources */ = {isa = PBXBuildFile; fileRef = 041A00AF25415CF800F6AC8B /* EditProfileViewController.swift */; };
		041A00B325415D0200F6AC8B /* SettingsViewController.swift in Sources */ = {isa = PBXBuildFile; fileRef = 041A00B225415D0200F6AC8B /* SettingsViewController.swift */; };
		041A00B625415D0F00F6AC8B /* ListViewController.swift in Sources */ = {isa = PBXBuildFile; fileRef = 041A00B525415D0F00F6AC8B /* ListViewController.swift */; };
		041A00B925415D1F00F6AC8B /* SearchViewController.swift in Sources */ = {isa = PBXBuildFile; fileRef = 041A00B825415D1F00F6AC8B /* SearchViewController.swift */; };
		041A00BC25415D2700F6AC8B /* SearchResultViewController.swift in Sources */ = {isa = PBXBuildFile; fileRef = 041A00BB25415D2700F6AC8B /* SearchResultViewController.swift */; };
		041A00BF25415D5400F6AC8B /* PostEditorViewController.swift in Sources */ = {isa = PBXBuildFile; fileRef = 041A00BE25415D5400F6AC8B /* PostEditorViewController.swift */; };
		041A00C225415D6100F6AC8B /* PublishPostViewController.swift in Sources */ = {isa = PBXBuildFile; fileRef = 041A00C125415D6100F6AC8B /* PublishPostViewController.swift */; };
		0420CD172541C7BC008BEE4C /* SettingCellModel.swift in Sources */ = {isa = PBXBuildFile; fileRef = 0420CD162541C7BC008BEE4C /* SettingCellModel.swift */; };
		042A652F25416398003AC1B7 /* .swiftlint.yml in Resources */ = {isa = PBXBuildFile; fileRef = 042A652E25416398003AC1B7 /* .swiftlint.yml */; };
		042A653425416766003AC1B7 /* GoogleService-Info.plist in Resources */ = {isa = PBXBuildFile; fileRef = 042A653325416766003AC1B7 /* GoogleService-Info.plist */; };
		0449E56725416DB0008B3F90 /* DatabaseManager.swift in Sources */ = {isa = PBXBuildFile; fileRef = 0449E56625416DB0008B3F90 /* DatabaseManager.swift */; };
		0449E56A25416E47008B3F90 /* AuthManager.swift in Sources */ = {isa = PBXBuildFile; fileRef = 0449E56925416E47008B3F90 /* AuthManager.swift */; };
		0449E56D25416E6A008B3F90 /* StorageManager.swift in Sources */ = {isa = PBXBuildFile; fileRef = 0449E56C25416E6A008B3F90 /* StorageManager.swift */; };
		0449E585254170F8008B3F90 /* Extensions.swift in Sources */ = {isa = PBXBuildFile; fileRef = 0449E584254170F8008B3F90 /* Extensions.swift */; };
		0449E589254172BE008B3F90 /* Constants.swift in Sources */ = {isa = PBXBuildFile; fileRef = 0449E588254172BE008B3F90 /* Constants.swift */; };
		048AD26C25455D1D0094E54A /* FeedPostTableViewCell.swift in Sources */ = {isa = PBXBuildFile; fileRef = 048AD26B25455D1D0094E54A /* FeedPostTableViewCell.swift */; };
		048AD27125455E540094E54A /* FeedPostHeaderTableViewCell.swift in Sources */ = {isa = PBXBuildFile; fileRef = 048AD27025455E540094E54A /* FeedPostHeaderTableViewCell.swift */; };
		048AD27525455E6B0094E54A /* FeedPostActionTableViewCell.swift in Sources */ = {isa = PBXBuildFile; fileRef = 048AD27425455E6B0094E54A /* FeedPostActionTableViewCell.swift */; };
		048AD27825455E850094E54A /* FeedPostGeneralTableViewCell.swift in Sources */ = {isa = PBXBuildFile; fileRef = 048AD27725455E850094E54A /* FeedPostGeneralTableViewCell.swift */; };
		048AD27B254570BA0094E54A /* FormTableViewCell.swift in Sources */ = {isa = PBXBuildFile; fileRef = 048AD27A254570BA0094E54A /* FormTableViewCell.swift */; };
		049F52752545B39200E9245C /* EditProfileModel.swift in Sources */ = {isa = PBXBuildFile; fileRef = 049F52742545B39200E9245C /* EditProfileModel.swift */; };
		049F52792545BCF300E9245C /* PhotoCollectionViewCell.swift in Sources */ = {isa = PBXBuildFile; fileRef = 049F52782545BCF300E9245C /* PhotoCollectionViewCell.swift */; };
		049F527D2545BD2B00E9245C /* ProfileInfoHeaderCollectionReusableView.swift in Sources */ = {isa = PBXBuildFile; fileRef = 049F527C2545BD2B00E9245C /* ProfileInfoHeaderCollectionReusableView.swift */; };
		049F52802545BD4C00E9245C /* ProfileTabsCollectionReusableView.swift in Sources */ = {isa = PBXBuildFile; fileRef = 049F527F2545BD4C00E9245C /* ProfileTabsCollectionReusableView.swift */; };
		CA7F38BEF3BBA203AF65A6EC /* Pods_LikeInstagram.framework in Frameworks */ = {isa = PBXBuildFile; fileRef = 61710A71A64323780082220B /* Pods_LikeInstagram.framework */; };
/* End PBXBuildFile section */

/* Begin PBXFileReference section */
		041A007625415B8600F6AC8B /* LikeInstagram.app */ = {isa = PBXFileReference; explicitFileType = wrapper.application; includeInIndex = 0; path = LikeInstagram.app; sourceTree = BUILT_PRODUCTS_DIR; };
		041A007925415B8600F6AC8B /* AppDelegate.swift */ = {isa = PBXFileReference; lastKnownFileType = sourcecode.swift; path = AppDelegate.swift; sourceTree = "<group>"; };
		041A007B25415B8600F6AC8B /* SceneDelegate.swift */ = {isa = PBXFileReference; lastKnownFileType = sourcecode.swift; path = SceneDelegate.swift; sourceTree = "<group>"; };
		041A007D25415B8600F6AC8B /* HomeViewController.swift */ = {isa = PBXFileReference; lastKnownFileType = sourcecode.swift; path = HomeViewController.swift; sourceTree = "<group>"; };
		041A008025415B8600F6AC8B /* Base */ = {isa = PBXFileReference; lastKnownFileType = file.storyboard; name = Base; path = Base.lproj/Main.storyboard; sourceTree = "<group>"; };
		041A008225415B8700F6AC8B /* Assets.xcassets */ = {isa = PBXFileReference; lastKnownFileType = folder.assetcatalog; path = Assets.xcassets; sourceTree = "<group>"; };
		041A008525415B8700F6AC8B /* Base */ = {isa = PBXFileReference; lastKnownFileType = file.storyboard; name = Base; path = Base.lproj/LaunchScreen.storyboard; sourceTree = "<group>"; };
		041A008725415B8700F6AC8B /* Info.plist */ = {isa = PBXFileReference; lastKnownFileType = text.plist.xml; path = Info.plist; sourceTree = "<group>"; };
		041A009525415C3B00F6AC8B /* ExploreViewController.swift */ = {isa = PBXFileReference; lastKnownFileType = sourcecode.swift; path = ExploreViewController.swift; sourceTree = "<group>"; };
		041A009825415C4600F6AC8B /* CameraViewController.swift */ = {isa = PBXFileReference; lastKnownFileType = sourcecode.swift; path = CameraViewController.swift; sourceTree = "<group>"; };
		041A009B25415C5B00F6AC8B /* NotificationViewController.swift */ = {isa = PBXFileReference; lastKnownFileType = sourcecode.swift; path = NotificationViewController.swift; sourceTree = "<group>"; };
		041A009E25415C6300F6AC8B /* ProfileViewController.swift */ = {isa = PBXFileReference; lastKnownFileType = sourcecode.swift; path = ProfileViewController.swift; sourceTree = "<group>"; };
		041A00A425415CB400F6AC8B /* LoginViewController.swift */ = {isa = PBXFileReference; lastKnownFileType = sourcecode.swift; path = LoginViewController.swift; sourceTree = "<group>"; };
		041A00A725415CBD00F6AC8B /* RegisterViewController.swift */ = {isa = PBXFileReference; lastKnownFileType = sourcecode.swift; path = RegisterViewController.swift; sourceTree = "<group>"; };
		041A00AB25415CEF00F6AC8B /* PostViewController.swift */ = {isa = PBXFileReference; lastKnownFileType = sourcecode.swift; path = PostViewController.swift; sourceTree = "<group>"; };
		041A00AF25415CF800F6AC8B /* EditProfileViewController.swift */ = {isa = PBXFileReference; lastKnownFileType = sourcecode.swift; path = EditProfileViewController.swift; sourceTree = "<group>"; };
		041A00B225415D0200F6AC8B /* SettingsViewController.swift */ = {isa = PBXFileReference; lastKnownFileType = sourcecode.swift; path = SettingsViewController.swift; sourceTree = "<group>"; };
		041A00B525415D0F00F6AC8B /* ListViewController.swift */ = {isa = PBXFileReference; lastKnownFileType = sourcecode.swift; path = ListViewController.swift; sourceTree = "<group>"; };
		041A00B825415D1F00F6AC8B /* SearchViewController.swift */ = {isa = PBXFileReference; lastKnownFileType = sourcecode.swift; path = SearchViewController.swift; sourceTree = "<group>"; };
		041A00BB25415D2700F6AC8B /* SearchResultViewController.swift */ = {isa = PBXFileReference; lastKnownFileType = sourcecode.swift; path = SearchResultViewController.swift; sourceTree = "<group>"; };
		041A00BE25415D5400F6AC8B /* PostEditorViewController.swift */ = {isa = PBXFileReference; lastKnownFileType = sourcecode.swift; path = PostEditorViewController.swift; sourceTree = "<group>"; };
		041A00C125415D6100F6AC8B /* PublishPostViewController.swift */ = {isa = PBXFileReference; lastKnownFileType = sourcecode.swift; path = PublishPostViewController.swift; sourceTree = "<group>"; };
		0420CD162541C7BC008BEE4C /* SettingCellModel.swift */ = {isa = PBXFileReference; lastKnownFileType = sourcecode.swift; path = SettingCellModel.swift; sourceTree = "<group>"; };
		042A652E25416398003AC1B7 /* .swiftlint.yml */ = {isa = PBXFileReference; lastKnownFileType = text.yaml; path = .swiftlint.yml; sourceTree = "<group>"; };
		042A653325416766003AC1B7 /* GoogleService-Info.plist */ = {isa = PBXFileReference; fileEncoding = 4; lastKnownFileType = text.plist.xml; path = "GoogleService-Info.plist"; sourceTree = "<group>"; };
		0449E56625416DB0008B3F90 /* DatabaseManager.swift */ = {isa = PBXFileReference; lastKnownFileType = sourcecode.swift; path = DatabaseManager.swift; sourceTree = "<group>"; };
		0449E56925416E47008B3F90 /* AuthManager.swift */ = {isa = PBXFileReference; lastKnownFileType = sourcecode.swift; path = AuthManager.swift; sourceTree = "<group>"; };
		0449E56C25416E6A008B3F90 /* StorageManager.swift */ = {isa = PBXFileReference; lastKnownFileType = sourcecode.swift; path = StorageManager.swift; sourceTree = "<group>"; };
		0449E584254170F8008B3F90 /* Extensions.swift */ = {isa = PBXFileReference; lastKnownFileType = sourcecode.swift; path = Extensions.swift; sourceTree = "<group>"; };
		0449E588254172BE008B3F90 /* Constants.swift */ = {isa = PBXFileReference; lastKnownFileType = sourcecode.swift; path = Constants.swift; sourceTree = "<group>"; };
		048AD26B25455D1D0094E54A /* FeedPostTableViewCell.swift */ = {isa = PBXFileReference; lastKnownFileType = sourcecode.swift; path = FeedPostTableViewCell.swift; sourceTree = "<group>"; };
		048AD27025455E540094E54A /* FeedPostHeaderTableViewCell.swift */ = {isa = PBXFileReference; lastKnownFileType = sourcecode.swift; path = FeedPostHeaderTableViewCell.swift; sourceTree = "<group>"; };
		048AD27425455E6B0094E54A /* FeedPostActionTableViewCell.swift */ = {isa = PBXFileReference; lastKnownFileType = sourcecode.swift; path = FeedPostActionTableViewCell.swift; sourceTree = "<group>"; };
		048AD27725455E850094E54A /* FeedPostGeneralTableViewCell.swift */ = {isa = PBXFileReference; lastKnownFileType = sourcecode.swift; path = FeedPostGeneralTableViewCell.swift; sourceTree = "<group>"; };
		048AD27A254570BA0094E54A /* FormTableViewCell.swift */ = {isa = PBXFileReference; lastKnownFileType = sourcecode.swift; path = FormTableViewCell.swift; sourceTree = "<group>"; };
		049F52742545B39200E9245C /* EditProfileModel.swift */ = {isa = PBXFileReference; lastKnownFileType = sourcecode.swift; path = EditProfileModel.swift; sourceTree = "<group>"; };
		049F52782545BCF300E9245C /* PhotoCollectionViewCell.swift */ = {isa = PBXFileReference; lastKnownFileType = sourcecode.swift; path = PhotoCollectionViewCell.swift; sourceTree = "<group>"; };
		049F527C2545BD2B00E9245C /* ProfileInfoHeaderCollectionReusableView.swift */ = {isa = PBXFileReference; lastKnownFileType = sourcecode.swift; path = ProfileInfoHeaderCollectionReusableView.swift; sourceTree = "<group>"; };
		049F527F2545BD4C00E9245C /* ProfileTabsCollectionReusableView.swift */ = {isa = PBXFileReference; lastKnownFileType = sourcecode.swift; path = ProfileTabsCollectionReusableView.swift; sourceTree = "<group>"; };
		61710A71A64323780082220B /* Pods_LikeInstagram.framework */ = {isa = PBXFileReference; explicitFileType = wrapper.framework; includeInIndex = 0; path = Pods_LikeInstagram.framework; sourceTree = BUILT_PRODUCTS_DIR; };
		D41564A6FD5F3CE0AF2C4842 /* Pods-LikeInstagram.release.xcconfig */ = {isa = PBXFileReference; includeInIndex = 1; lastKnownFileType = text.xcconfig; name = "Pods-LikeInstagram.release.xcconfig"; path = "Target Support Files/Pods-LikeInstagram/Pods-LikeInstagram.release.xcconfig"; sourceTree = "<group>"; };
		F9668D166BF53FA147A9D7ED /* Pods-LikeInstagram.debug.xcconfig */ = {isa = PBXFileReference; includeInIndex = 1; lastKnownFileType = text.xcconfig; name = "Pods-LikeInstagram.debug.xcconfig"; path = "Target Support Files/Pods-LikeInstagram/Pods-LikeInstagram.debug.xcconfig"; sourceTree = "<group>"; };
/* End PBXFileReference section */

/* Begin PBXFrameworksBuildPhase section */
		041A007325415B8600F6AC8B /* Frameworks */ = {
			isa = PBXFrameworksBuildPhase;
			buildActionMask = 2147483647;
			files = (
				CA7F38BEF3BBA203AF65A6EC /* Pods_LikeInstagram.framework in Frameworks */,
			);
			runOnlyForDeploymentPostprocessing = 0;
		};
/* End PBXFrameworksBuildPhase section */

/* Begin PBXGroup section */
		041A006D25415B8600F6AC8B = {
			isa = PBXGroup;
			children = (
				042A652E25416398003AC1B7 /* .swiftlint.yml */,
				041A007825415B8600F6AC8B /* LikeInstagram */,
				041A007725415B8600F6AC8B /* Products */,
				5190693E2B060035E714A221 /* Pods */,
				2DE7AC44222D32FE22A0BAF7 /* Frameworks */,
			);
			sourceTree = "<group>";
		};
		041A007725415B8600F6AC8B /* Products */ = {
			isa = PBXGroup;
			children = (
				041A007625415B8600F6AC8B /* LikeInstagram.app */,
			);
			name = Products;
			sourceTree = "<group>";
		};
		041A007825415B8600F6AC8B /* LikeInstagram */ = {
			isa = PBXGroup;
			children = (
				041A009225415BC100F6AC8B /* Resources */,
				041A009125415BBD00F6AC8B /* Models */,
				041A009025415BB900F6AC8B /* Views */,
				041A008E25415BAD00F6AC8B /* Controllers */,
				041A008725415B8700F6AC8B /* Info.plist */,
			);
			path = LikeInstagram;
			sourceTree = "<group>";
		};
		041A008E25415BAD00F6AC8B /* Controllers */ = {
			isa = PBXGroup;
			children = (
				041A00AA25415CE600F6AC8B /* Other */,
				041A00A325415CA600F6AC8B /* Onboarding */,
				041A00A125415C7A00F6AC8B /* TabMenus */,
			);
			path = Controllers;
			sourceTree = "<group>";
		};
		041A009025415BB900F6AC8B /* Views */ = {
			isa = PBXGroup;
			children = (
				049F52772545BCBB00E9245C /* CollectionView_Header */,
				048AD26A25455D000094E54A /* Cells */,
				041A009325415BE800F6AC8B /* Storyboards */,
				041A008225415B8700F6AC8B /* Assets.xcassets */,
			);
			path = Views;
			sourceTree = "<group>";
		};
		041A009125415BBD00F6AC8B /* Models */ = {
			isa = PBXGroup;
			children = (
				0420CD162541C7BC008BEE4C /* SettingCellModel.swift */,
				049F52742545B39200E9245C /* EditProfileModel.swift */,
			);
			path = Models;
			sourceTree = "<group>";
		};
		041A009225415BC100F6AC8B /* Resources */ = {
			isa = PBXGroup;
			children = (
				049BAA74254183D90004D75F /* Service */,
				0449E587254172B3008B3F90 /* Constants */,
				042A653325416766003AC1B7 /* GoogleService-Info.plist */,
				041A007925415B8600F6AC8B /* AppDelegate.swift */,
				041A007B25415B8600F6AC8B /* SceneDelegate.swift */,
				0449E584254170F8008B3F90 /* Extensions.swift */,
			);
			path = Resources;
			sourceTree = "<group>";
		};
		041A009325415BE800F6AC8B /* Storyboards */ = {
			isa = PBXGroup;
			children = (
				041A007F25415B8600F6AC8B /* Main.storyboard */,
				041A008425415B8700F6AC8B /* LaunchScreen.storyboard */,
			);
			path = Storyboards;
			sourceTree = "<group>";
		};
		041A00A125415C7A00F6AC8B /* TabMenus */ = {
			isa = PBXGroup;
			children = (
				041A007D25415B8600F6AC8B /* HomeViewController.swift */,
				041A009525415C3B00F6AC8B /* ExploreViewController.swift */,
				041A009825415C4600F6AC8B /* CameraViewController.swift */,
				041A009B25415C5B00F6AC8B /* NotificationViewController.swift */,
				041A009E25415C6300F6AC8B /* ProfileViewController.swift */,
			);
			path = TabMenus;
			sourceTree = "<group>";
		};
		041A00A325415CA600F6AC8B /* Onboarding */ = {
			isa = PBXGroup;
			children = (
				041A00A425415CB400F6AC8B /* LoginViewController.swift */,
				041A00A725415CBD00F6AC8B /* RegisterViewController.swift */,
			);
			path = Onboarding;
			sourceTree = "<group>";
		};
		041A00AA25415CE600F6AC8B /* Other */ = {
			isa = PBXGroup;
			children = (
				041A00AB25415CEF00F6AC8B /* PostViewController.swift */,
				041A00AF25415CF800F6AC8B /* EditProfileViewController.swift */,
				041A00B225415D0200F6AC8B /* SettingsViewController.swift */,
				041A00B525415D0F00F6AC8B /* ListViewController.swift */,
				041A00B825415D1F00F6AC8B /* SearchViewController.swift */,
				041A00BB25415D2700F6AC8B /* SearchResultViewController.swift */,
				041A00BE25415D5400F6AC8B /* PostEditorViewController.swift */,
				041A00C125415D6100F6AC8B /* PublishPostViewController.swift */,
			);
			path = Other;
			sourceTree = "<group>";
		};
		0449E587254172B3008B3F90 /* Constants */ = {
			isa = PBXGroup;
			children = (
				0449E588254172BE008B3F90 /* Constants.swift */,
			);
			path = Constants;
			sourceTree = "<group>";
		};
		048AD26A25455D000094E54A /* Cells */ = {
			isa = PBXGroup;
			children = (
				048AD26F25455E220094E54A /* Feeds */,
				048AD27A254570BA0094E54A /* FormTableViewCell.swift */,
				049F52782545BCF300E9245C /* PhotoCollectionViewCell.swift */,
			);
			path = Cells;
			sourceTree = "<group>";
		};
		048AD26F25455E220094E54A /* Feeds */ = {
			isa = PBXGroup;
			children = (
				048AD26B25455D1D0094E54A /* FeedPostTableViewCell.swift */,
				048AD27025455E540094E54A /* FeedPostHeaderTableViewCell.swift */,
				048AD27425455E6B0094E54A /* FeedPostActionTableViewCell.swift */,
				048AD27725455E850094E54A /* FeedPostGeneralTableViewCell.swift */,
			);
			path = Feeds;
			sourceTree = "<group>";
		};
		049BAA74254183D90004D75F /* Service */ = {
			isa = PBXGroup;
			children = (
				0449E56625416DB0008B3F90 /* DatabaseManager.swift */,
				0449E56C25416E6A008B3F90 /* StorageManager.swift */,
				0449E56925416E47008B3F90 /* AuthManager.swift */,
			);
			path = Service;
			sourceTree = "<group>";
		};
		049F52772545BCBB00E9245C /* CollectionView_Header */ = {
			isa = PBXGroup;
			children = (
				049F527C2545BD2B00E9245C /* ProfileInfoHeaderCollectionReusableView.swift */,
				049F527F2545BD4C00E9245C /* ProfileTabsCollectionReusableView.swift */,
			);
			path = CollectionView_Header;
			sourceTree = "<group>";
		};
		2DE7AC44222D32FE22A0BAF7 /* Frameworks */ = {
			isa = PBXGroup;
			children = (
				61710A71A64323780082220B /* Pods_LikeInstagram.framework */,
			);
			name = Frameworks;
			sourceTree = "<group>";
		};
		5190693E2B060035E714A221 /* Pods */ = {
			isa = PBXGroup;
			children = (
				F9668D166BF53FA147A9D7ED /* Pods-LikeInstagram.debug.xcconfig */,
				D41564A6FD5F3CE0AF2C4842 /* Pods-LikeInstagram.release.xcconfig */,
			);
			path = Pods;
			sourceTree = "<group>";
		};
/* End PBXGroup section */

/* Begin PBXNativeTarget section */
		041A007525415B8600F6AC8B /* LikeInstagram */ = {
			isa = PBXNativeTarget;
			buildConfigurationList = 041A008A25415B8700F6AC8B /* Build configuration list for PBXNativeTarget "LikeInstagram" */;
			buildPhases = (
				8288B9581ED020E8A1260FC6 /* [CP] Check Pods Manifest.lock */,
				041A007225415B8600F6AC8B /* Sources */,
				041A007325415B8600F6AC8B /* Frameworks */,
				041A007425415B8600F6AC8B /* Resources */,
				4BA1872ED69B66D8BE227791 /* [CP] Embed Pods Frameworks */,
				042A6531254163DA003AC1B7 /* Run Script */,
			);
			buildRules = (
			);
			dependencies = (
			);
			name = LikeInstagram;
			productName = LikeInstagram;
			productReference = 041A007625415B8600F6AC8B /* LikeInstagram.app */;
			productType = "com.apple.product-type.application";
		};
/* End PBXNativeTarget section */

/* Begin PBXProject section */
		041A006E25415B8600F6AC8B /* Project object */ = {
			isa = PBXProject;
			attributes = {
				LastSwiftUpdateCheck = 1200;
				LastUpgradeCheck = 1200;
				TargetAttributes = {
					041A007525415B8600F6AC8B = {
						CreatedOnToolsVersion = 12.0;
					};
				};
			};
			buildConfigurationList = 041A007125415B8600F6AC8B /* Build configuration list for PBXProject "LikeInstagram" */;
			compatibilityVersion = "Xcode 9.3";
			developmentRegion = en;
			hasScannedForEncodings = 0;
			knownRegions = (
				en,
				Base,
			);
			mainGroup = 041A006D25415B8600F6AC8B;
			productRefGroup = 041A007725415B8600F6AC8B /* Products */;
			projectDirPath = "";
			projectRoot = "";
			targets = (
				041A007525415B8600F6AC8B /* LikeInstagram */,
			);
		};
/* End PBXProject section */

/* Begin PBXResourcesBuildPhase section */
		041A007425415B8600F6AC8B /* Resources */ = {
			isa = PBXResourcesBuildPhase;
			buildActionMask = 2147483647;
			files = (
				042A652F25416398003AC1B7 /* .swiftlint.yml in Resources */,
				041A008625415B8700F6AC8B /* LaunchScreen.storyboard in Resources */,
				042A653425416766003AC1B7 /* GoogleService-Info.plist in Resources */,
				041A008325415B8700F6AC8B /* Assets.xcassets in Resources */,
				041A008125415B8600F6AC8B /* Main.storyboard in Resources */,
			);
			runOnlyForDeploymentPostprocessing = 0;
		};
/* End PBXResourcesBuildPhase section */

/* Begin PBXShellScriptBuildPhase section */
		042A6531254163DA003AC1B7 /* Run Script */ = {
			isa = PBXShellScriptBuildPhase;
			buildActionMask = 2147483647;
			files = (
			);
			inputFileListPaths = (
			);
			inputPaths = (
			);
			name = "Run Script";
			outputFileListPaths = (
			);
			outputPaths = (
			);
			runOnlyForDeploymentPostprocessing = 0;
			shellPath = /bin/sh;
			shellScript = "${PODS_ROOT}/SwiftLint/swiftlint\n";
		};
		4BA1872ED69B66D8BE227791 /* [CP] Embed Pods Frameworks */ = {
			isa = PBXShellScriptBuildPhase;
			buildActionMask = 2147483647;
			files = (
			);
			inputFileListPaths = (
				"${PODS_ROOT}/Target Support Files/Pods-LikeInstagram/Pods-LikeInstagram-frameworks-${CONFIGURATION}-input-files.xcfilelist",
			);
			name = "[CP] Embed Pods Frameworks";
			outputFileListPaths = (
				"${PODS_ROOT}/Target Support Files/Pods-LikeInstagram/Pods-LikeInstagram-frameworks-${CONFIGURATION}-output-files.xcfilelist",
			);
			runOnlyForDeploymentPostprocessing = 0;
			shellPath = /bin/sh;
			shellScript = "\"${PODS_ROOT}/Target Support Files/Pods-LikeInstagram/Pods-LikeInstagram-frameworks.sh\"\n";
			showEnvVarsInLog = 0;
		};
		8288B9581ED020E8A1260FC6 /* [CP] Check Pods Manifest.lock */ = {
			isa = PBXShellScriptBuildPhase;
			buildActionMask = 2147483647;
			files = (
			);
			inputFileListPaths = (
			);
			inputPaths = (
				"${PODS_PODFILE_DIR_PATH}/Podfile.lock",
				"${PODS_ROOT}/Manifest.lock",
			);
			name = "[CP] Check Pods Manifest.lock";
			outputFileListPaths = (
			);
			outputPaths = (
				"$(DERIVED_FILE_DIR)/Pods-LikeInstagram-checkManifestLockResult.txt",
			);
			runOnlyForDeploymentPostprocessing = 0;
			shellPath = /bin/sh;
			shellScript = "diff \"${PODS_PODFILE_DIR_PATH}/Podfile.lock\" \"${PODS_ROOT}/Manifest.lock\" > /dev/null\nif [ $? != 0 ] ; then\n    # print error to STDERR\n    echo \"error: The sandbox is not in sync with the Podfile.lock. Run 'pod install' or update your CocoaPods installation.\" >&2\n    exit 1\nfi\n# This output is used by Xcode 'outputs' to avoid re-running this script phase.\necho \"SUCCESS\" > \"${SCRIPT_OUTPUT_FILE_0}\"\n";
			showEnvVarsInLog = 0;
		};
/* End PBXShellScriptBuildPhase section */

/* Begin PBXSourcesBuildPhase section */
		041A007225415B8600F6AC8B /* Sources */ = {
			isa = PBXSourcesBuildPhase;
			buildActionMask = 2147483647;
			files = (
				041A00B025415CF800F6AC8B /* EditProfileViewController.swift in Sources */,
				048AD27125455E540094E54A /* FeedPostHeaderTableViewCell.swift in Sources */,
				0449E589254172BE008B3F90 /* Constants.swift in Sources */,
				0420CD172541C7BC008BEE4C /* SettingCellModel.swift in Sources */,
				048AD26C25455D1D0094E54A /* FeedPostTableViewCell.swift in Sources */,
				041A00A825415CBD00F6AC8B /* RegisterViewController.swift in Sources */,
				041A00C225415D6100F6AC8B /* PublishPostViewController.swift in Sources */,
				049F527D2545BD2B00E9245C /* ProfileInfoHeaderCollectionReusableView.swift in Sources */,
				041A009625415C3B00F6AC8B /* ExploreViewController.swift in Sources */,
				041A009925415C4600F6AC8B /* CameraViewController.swift in Sources */,
				041A009C25415C5B00F6AC8B /* NotificationViewController.swift in Sources */,
				041A00BF25415D5400F6AC8B /* PostEditorViewController.swift in Sources */,
				049F52792545BCF300E9245C /* PhotoCollectionViewCell.swift in Sources */,
				049F52752545B39200E9245C /* EditProfileModel.swift in Sources */,
				0449E56D25416E6A008B3F90 /* StorageManager.swift in Sources */,
				041A00AC25415CEF00F6AC8B /* PostViewController.swift in Sources */,
				048AD27B254570BA0094E54A /* FormTableViewCell.swift in Sources */,
				0449E56725416DB0008B3F90 /* DatabaseManager.swift in Sources */,
				041A007E25415B8600F6AC8B /* HomeViewController.swift in Sources */,
				041A00BC25415D2700F6AC8B /* SearchResultViewController.swift in Sources */,
				041A00A525415CB400F6AC8B /* LoginViewController.swift in Sources */,
				0449E585254170F8008B3F90 /* Extensions.swift in Sources */,
				041A00B925415D1F00F6AC8B /* SearchViewController.swift in Sources */,
				049F52802545BD4C00E9245C /* ProfileTabsCollectionReusableView.swift in Sources */,
				048AD27825455E850094E54A /* FeedPostGeneralTableViewCell.swift in Sources */,
				041A009F25415C6300F6AC8B /* ProfileViewController.swift in Sources */,
				0449E56A25416E47008B3F90 /* AuthManager.swift in Sources */,
				041A007A25415B8600F6AC8B /* AppDelegate.swift in Sources */,
				041A007C25415B8600F6AC8B /* SceneDelegate.swift in Sources */,
				041A00B625415D0F00F6AC8B /* ListViewController.swift in Sources */,
				041A00B325415D0200F6AC8B /* SettingsViewController.swift in Sources */,
				048AD27525455E6B0094E54A /* FeedPostActionTableViewCell.swift in Sources */,
			);
			runOnlyForDeploymentPostprocessing = 0;
		};
/* End PBXSourcesBuildPhase section */

/* Begin PBXVariantGroup section */
		041A007F25415B8600F6AC8B /* Main.storyboard */ = {
			isa = PBXVariantGroup;
			children = (
				041A008025415B8600F6AC8B /* Base */,
			);
			name = Main.storyboard;
			sourceTree = "<group>";
		};
		041A008425415B8700F6AC8B /* LaunchScreen.storyboard */ = {
			isa = PBXVariantGroup;
			children = (
				041A008525415B8700F6AC8B /* Base */,
			);
			name = LaunchScreen.storyboard;
			sourceTree = "<group>";
		};
/* End PBXVariantGroup section */

/* Begin XCBuildConfiguration section */
		041A008825415B8700F6AC8B /* Debug */ = {
			isa = XCBuildConfiguration;
			buildSettings = {
				ALWAYS_SEARCH_USER_PATHS = NO;
				CLANG_ANALYZER_NONNULL = YES;
				CLANG_ANALYZER_NUMBER_OBJECT_CONVERSION = YES_AGGRESSIVE;
				CLANG_CXX_LANGUAGE_STANDARD = "gnu++14";
				CLANG_CXX_LIBRARY = "libc++";
				CLANG_ENABLE_MODULES = YES;
				CLANG_ENABLE_OBJC_ARC = YES;
				CLANG_ENABLE_OBJC_WEAK = YES;
				CLANG_WARN_BLOCK_CAPTURE_AUTORELEASING = YES;
				CLANG_WARN_BOOL_CONVERSION = YES;
				CLANG_WARN_COMMA = YES;
				CLANG_WARN_CONSTANT_CONVERSION = YES;
				CLANG_WARN_DEPRECATED_OBJC_IMPLEMENTATIONS = YES;
				CLANG_WARN_DIRECT_OBJC_ISA_USAGE = YES_ERROR;
				CLANG_WARN_DOCUMENTATION_COMMENTS = YES;
				CLANG_WARN_EMPTY_BODY = YES;
				CLANG_WARN_ENUM_CONVERSION = YES;
				CLANG_WARN_INFINITE_RECURSION = YES;
				CLANG_WARN_INT_CONVERSION = YES;
				CLANG_WARN_NON_LITERAL_NULL_CONVERSION = YES;
				CLANG_WARN_OBJC_IMPLICIT_RETAIN_SELF = YES;
				CLANG_WARN_OBJC_LITERAL_CONVERSION = YES;
				CLANG_WARN_OBJC_ROOT_CLASS = YES_ERROR;
				CLANG_WARN_QUOTED_INCLUDE_IN_FRAMEWORK_HEADER = YES;
				CLANG_WARN_RANGE_LOOP_ANALYSIS = YES;
				CLANG_WARN_STRICT_PROTOTYPES = YES;
				CLANG_WARN_SUSPICIOUS_MOVE = YES;
				CLANG_WARN_UNGUARDED_AVAILABILITY = YES_AGGRESSIVE;
				CLANG_WARN_UNREACHABLE_CODE = YES;
				CLANG_WARN__DUPLICATE_METHOD_MATCH = YES;
				COPY_PHASE_STRIP = NO;
				DEBUG_INFORMATION_FORMAT = dwarf;
				ENABLE_STRICT_OBJC_MSGSEND = YES;
				ENABLE_TESTABILITY = YES;
				GCC_C_LANGUAGE_STANDARD = gnu11;
				GCC_DYNAMIC_NO_PIC = NO;
				GCC_NO_COMMON_BLOCKS = YES;
				GCC_OPTIMIZATION_LEVEL = 0;
				GCC_PREPROCESSOR_DEFINITIONS = (
					"DEBUG=1",
					"$(inherited)",
				);
				GCC_WARN_64_TO_32_BIT_CONVERSION = YES;
				GCC_WARN_ABOUT_RETURN_TYPE = YES_ERROR;
				GCC_WARN_UNDECLARED_SELECTOR = YES;
				GCC_WARN_UNINITIALIZED_AUTOS = YES_AGGRESSIVE;
				GCC_WARN_UNUSED_FUNCTION = YES;
				GCC_WARN_UNUSED_VARIABLE = YES;
				IPHONEOS_DEPLOYMENT_TARGET = 14.0;
				MTL_ENABLE_DEBUG_INFO = INCLUDE_SOURCE;
				MTL_FAST_MATH = YES;
				ONLY_ACTIVE_ARCH = YES;
				SDKROOT = iphoneos;
				SWIFT_ACTIVE_COMPILATION_CONDITIONS = DEBUG;
				SWIFT_OPTIMIZATION_LEVEL = "-Onone";
			};
			name = Debug;
		};
		041A008925415B8700F6AC8B /* Release */ = {
			isa = XCBuildConfiguration;
			buildSettings = {
				ALWAYS_SEARCH_USER_PATHS = NO;
				CLANG_ANALYZER_NONNULL = YES;
				CLANG_ANALYZER_NUMBER_OBJECT_CONVERSION = YES_AGGRESSIVE;
				CLANG_CXX_LANGUAGE_STANDARD = "gnu++14";
				CLANG_CXX_LIBRARY = "libc++";
				CLANG_ENABLE_MODULES = YES;
				CLANG_ENABLE_OBJC_ARC = YES;
				CLANG_ENABLE_OBJC_WEAK = YES;
				CLANG_WARN_BLOCK_CAPTURE_AUTORELEASING = YES;
				CLANG_WARN_BOOL_CONVERSION = YES;
				CLANG_WARN_COMMA = YES;
				CLANG_WARN_CONSTANT_CONVERSION = YES;
				CLANG_WARN_DEPRECATED_OBJC_IMPLEMENTATIONS = YES;
				CLANG_WARN_DIRECT_OBJC_ISA_USAGE = YES_ERROR;
				CLANG_WARN_DOCUMENTATION_COMMENTS = YES;
				CLANG_WARN_EMPTY_BODY = YES;
				CLANG_WARN_ENUM_CONVERSION = YES;
				CLANG_WARN_INFINITE_RECURSION = YES;
				CLANG_WARN_INT_CONVERSION = YES;
				CLANG_WARN_NON_LITERAL_NULL_CONVERSION = YES;
				CLANG_WARN_OBJC_IMPLICIT_RETAIN_SELF = YES;
				CLANG_WARN_OBJC_LITERAL_CONVERSION = YES;
				CLANG_WARN_OBJC_ROOT_CLASS = YES_ERROR;
				CLANG_WARN_QUOTED_INCLUDE_IN_FRAMEWORK_HEADER = YES;
				CLANG_WARN_RANGE_LOOP_ANALYSIS = YES;
				CLANG_WARN_STRICT_PROTOTYPES = YES;
				CLANG_WARN_SUSPICIOUS_MOVE = YES;
				CLANG_WARN_UNGUARDED_AVAILABILITY = YES_AGGRESSIVE;
				CLANG_WARN_UNREACHABLE_CODE = YES;
				CLANG_WARN__DUPLICATE_METHOD_MATCH = YES;
				COPY_PHASE_STRIP = NO;
				DEBUG_INFORMATION_FORMAT = "dwarf-with-dsym";
				ENABLE_NS_ASSERTIONS = NO;
				ENABLE_STRICT_OBJC_MSGSEND = YES;
				GCC_C_LANGUAGE_STANDARD = gnu11;
				GCC_NO_COMMON_BLOCKS = YES;
				GCC_WARN_64_TO_32_BIT_CONVERSION = YES;
				GCC_WARN_ABOUT_RETURN_TYPE = YES_ERROR;
				GCC_WARN_UNDECLARED_SELECTOR = YES;
				GCC_WARN_UNINITIALIZED_AUTOS = YES_AGGRESSIVE;
				GCC_WARN_UNUSED_FUNCTION = YES;
				GCC_WARN_UNUSED_VARIABLE = YES;
				IPHONEOS_DEPLOYMENT_TARGET = 14.0;
				MTL_ENABLE_DEBUG_INFO = NO;
				MTL_FAST_MATH = YES;
				SDKROOT = iphoneos;
				SWIFT_COMPILATION_MODE = wholemodule;
				SWIFT_OPTIMIZATION_LEVEL = "-O";
				VALIDATE_PRODUCT = YES;
			};
			name = Release;
		};
		041A008B25415B8700F6AC8B /* Debug */ = {
			isa = XCBuildConfiguration;
			baseConfigurationReference = F9668D166BF53FA147A9D7ED /* Pods-LikeInstagram.debug.xcconfig */;
			buildSettings = {
				ASSETCATALOG_COMPILER_APPICON_NAME = AppIcon;
				ASSETCATALOG_COMPILER_GLOBAL_ACCENT_COLOR_NAME = AccentColor;
				CODE_SIGN_STYLE = Automatic;
				DEVELOPMENT_TEAM = 857J3M5L6B;
				INFOPLIST_FILE = LikeInstagram/Info.plist;
				LD_RUNPATH_SEARCH_PATHS = (
					"$(inherited)",
					"@executable_path/Frameworks",
				);
				PRODUCT_BUNDLE_IDENTIFIER = com.Jungsu.LikeInstagram;
				PRODUCT_NAME = "$(TARGET_NAME)";
				SWIFT_VERSION = 5.0;
				TARGETED_DEVICE_FAMILY = "1,2";
			};
			name = Debug;
		};
		041A008C25415B8700F6AC8B /* Release */ = {
			isa = XCBuildConfiguration;
			baseConfigurationReference = D41564A6FD5F3CE0AF2C4842 /* Pods-LikeInstagram.release.xcconfig */;
			buildSettings = {
				ASSETCATALOG_COMPILER_APPICON_NAME = AppIcon;
				ASSETCATALOG_COMPILER_GLOBAL_ACCENT_COLOR_NAME = AccentColor;
				CODE_SIGN_STYLE = Automatic;
				DEVELOPMENT_TEAM = 857J3M5L6B;
				INFOPLIST_FILE = LikeInstagram/Info.plist;
				LD_RUNPATH_SEARCH_PATHS = (
					"$(inherited)",
					"@executable_path/Frameworks",
				);
				PRODUCT_BUNDLE_IDENTIFIER = com.Jungsu.LikeInstagram;
				PRODUCT_NAME = "$(TARGET_NAME)";
				SWIFT_VERSION = 5.0;
				TARGETED_DEVICE_FAMILY = "1,2";
			};
			name = Release;
		};
/* End XCBuildConfiguration section */

/* Begin XCConfigurationList section */
		041A007125415B8600F6AC8B /* Build configuration list for PBXProject "LikeInstagram" */ = {
			isa = XCConfigurationList;
			buildConfigurations = (
				041A008825415B8700F6AC8B /* Debug */,
				041A008925415B8700F6AC8B /* Release */,
			);
			defaultConfigurationIsVisible = 0;
			defaultConfigurationName = Release;
		};
		041A008A25415B8700F6AC8B /* Build configuration list for PBXNativeTarget "LikeInstagram" */ = {
			isa = XCConfigurationList;
			buildConfigurations = (
				041A008B25415B8700F6AC8B /* Debug */,
				041A008C25415B8700F6AC8B /* Release */,
			);
			defaultConfigurationIsVisible = 0;
			defaultConfigurationName = Release;
		};
/* End XCConfigurationList section */
	};
	rootObject = 041A006E25415B8600F6AC8B /* Project object */;
}
